
Microsoft Visual Studio Solution File, Format Version 12.00
# Visual Studio 2013
VisualStudioVersion = 12.0.21005.1
MinimumVisualStudioVersion = 10.0.40219.1
Project("{8BC9CEB8-8B4A-11D0-8D11-00A0C91BC942}") = "02. 팔각형", "DirextX11 Test.vcxproj", "{190FD011-48A1-499E-A508-B58B38104ED9}"
EndProject
Project("{8BC9CEB8-8B4A-11D0-8D11-00A0C91BC942}") = "03. DirectX 11의 초기화", "03. DirectX 11의 초기화\dx11tut03\dx11tut03\Engine\Engine\Engine.vcxproj", "{2A67C024-88DA-431E-8823-81F0C21A47FD}"
EndProject
Project("{8BC9CEB8-8B4A-11D0-8D11-00A0C91BC942}") = "04. 버퍼, 셰이더, HLSL", "..\04. 버퍼, 셰이더, HLSL\04. 버퍼, 셰이더, HLSL.vcxproj", "{C47F99D9-68A3-422E-BD80-0E0C20D8E708}"
EndProject
Project("{8BC9CEB8-8B4A-11D0-8D11-00A0C91BC942}") = "05. 텍스쳐", "05. 텍스쳐\05. 텍스쳐.vcxproj", "{C316FA20-ED4C-419B-9CC2-9F991697A18A}"
EndProject
Project("{8BC9CEB8-8B4A-11D0-8D11-00A0C91BC942}") = "06. 조명", "06. 조명\06. 조명.vcxproj", "{EDE07DE6-D063-4D88-A3EB-D13FEFAA76DC}"
EndProject
Project("{8BC9CEB8-8B4A-11D0-8D11-00A0C91BC942}") = "07. 3D 모델 렌더링", "07. 3D 모델 렌더링\07. 3D 모델 렌더링.vcxproj", "{8B420808-5571-4279-9687-B7F3A37EEEAD}"
EndProject
Project("{8BC9CEB8-8B4A-11D0-8D11-00A0C91BC942}") = "08. 마야 2011 모델 불러오기", "08. 마야 2011 모델 불러오기\08. 마야 2011 모델 불러오기.vcxproj", "{B9B41169-6F71-4D30-9016-811FDFC20156}"
EndProject
Project("{8BC9CEB8-8B4A-11D0-8D11-00A0C91BC942}") = "09. 주변광", "09. 주변광\09. 주변광.vcxproj", "{3A6D454E-5815-47C1-AB55-964F639DAC9C}"
EndProject
Project("{8BC9CEB8-8B4A-11D0-8D11-00A0C91BC942}") = "10. 정반사광", "10. 정반사광\10. 정반사광.vcxproj", "{937C3D5D-1BBE-4BA6-8699-45F438CBCBAA}"
EndProject
Project("{8BC9CEB8-8B4A-11D0-8D11-00A0C91BC942}") = "11. 2D 렌더링", "11. 2D 렌더링\11. 2D 렌더링.vcxproj", "{F7C54E08-D4F8-4615-9EF8-842D3F3F3928}"
EndProject
Project("{8BC9CEB8-8B4A-11D0-8D11-00A0C91BC942}") = "12. 글꼴 엔진", "12. 글꼴 엔진\12. 글꼴 엔진.vcxproj", "{4D77C1A7-F7AB-4EAE-B988-13746B88F33F}"
EndProject
Project("{8BC9CEB8-8B4A-11D0-8D11-00A0C91BC942}") = "13. Direct Input", "13. Direct Input\13. Direct Input.vcxproj", "{CCDB0224-0772-4DFD-AB86-5BA031EE9A1B}"
EndProject
Project("{8BC9CEB8-8B4A-11D0-8D11-00A0C91BC942}") = "14. Direct Sound", "14. Direct Sound\14. Direct Sound.vcxproj", "{CB6A266C-5B52-4933-AFFA-4CB8FE90A415}"
EndProject
Project("{8BC9CEB8-8B4A-11D0-8D11-00A0C91BC942}") = "15. FPS, CPU 사용량, 타이머", "15. FPS, CPU 사용량, 타이머\15. FPS, CPU 사용량, 타이머.vcxproj", "{E1D483A3-46D0-42B3-B8D0-52ACD2DBFE68}"
EndProject
Project("{8BC9CEB8-8B4A-11D0-8D11-00A0C91BC942}") = "16. 프러스텀 컬링", "16. 프러스텀 컬링\16. 프러스텀 컬링.vcxproj", "{507A3782-2366-4A0E-B911-7522CEEE8848}"
EndProject
Project("{8BC9CEB8-8B4A-11D0-8D11-00A0C91BC942}") = "17. 멀티텍스쳐링과 텍스쳐배열", "17. 멀티텍스쳐링과 텍스쳐배열\17. 멀티텍스쳐링과 텍스쳐배열.vcxproj", "{916C00BE-9B58-452D-9999-4F13F058C061}"
EndProject
Project("{8BC9CEB8-8B4A-11D0-8D11-00A0C91BC942}") = "18. 라이트맵", "18. 라이트맵\18. 라이트맵.vcxproj", "{2183EF10-1D2B-4BBE-9260-4D86BD570C43}"
EndProject
Project("{8BC9CEB8-8B4A-11D0-8D11-00A0C91BC942}") = "19. 알파 매핑", "19. 알파 매핑\19. 알파 매핑.vcxproj", "{17E9013F-298F-4480-AE49-7F88CD81BF74}"
EndProject
Project("{8BC9CEB8-8B4A-11D0-8D11-00A0C91BC942}") = "20. 범프 매핑", "20. 범프 매핑\20. 범프 매핑.vcxproj", "{5DCA0F97-BD8C-4EF9-9FE0-379DF649B782}"
EndProject
Project("{8BC9CEB8-8B4A-11D0-8D11-00A0C91BC942}") = "21. 반사 매핑", "21. 반사 매핑\21. 반사 매핑.vcxproj", "{C79E8D21-A20A-4C65-A6D9-7C5E29FA67DE}"
EndProject
Project("{8BC9CEB8-8B4A-11D0-8D11-00A0C91BC942}") = "22. 텍스쳐에 그리기(RTT)", "22. 텍스쳐에 그리기(RTT)\22. 텍스쳐에 그리기(RTT).vcxproj", "{50692CED-B9D0-4499-822B-4303B1E607EC}"
EndProject
Project("{8BC9CEB8-8B4A-11D0-8D11-00A0C91BC942}") = "23. 안개", "23. 안개\23. 안개.vcxproj", "{1E65A088-80D6-41C4-AC42-92DB26273F49}"
EndProject
Project("{8BC9CEB8-8B4A-11D0-8D11-00A0C91BC942}") = "24. 클리핑 평면", "24. 클리핑 평면\24. 클리핑 평면.vcxproj", "{856B37F6-9E80-4702-92EC-AE376EDA25FC}"
EndProject
Project("{8BC9CEB8-8B4A-11D0-8D11-00A0C91BC942}") = "25. 텍스쳐 이동", "25. 텍스쳐 이동\25. 텍스쳐 이동.vcxproj", "{A3C00F46-70E3-49E3-AC05-71EE0238231A}"
EndProject
Project("{8BC9CEB8-8B4A-11D0-8D11-00A0C91BC942}") = "26. 투명도", "26. 투명도\26. 투명도.vcxproj", "{12BDCD8F-2144-462E-A1D4-D99A725C62D1}"
EndProject
Project("{8BC9CEB8-8B4A-11D0-8D11-00A0C91BC942}") = "27. 반사", "27. 반사\27. 반사.vcxproj", "{85BB25C8-2DAB-4FD2-A37D-40045BA6AA46}"
EndProject
Project("{8BC9CEB8-8B4A-11D0-8D11-00A0C91BC942}") = "28. 페이드 효과", "28. 페이드 효과\28. 페이드 효과.vcxproj", "{B31FE847-98CA-4D29-97BA-A6F06367FF5C}"
EndProject
Project("{8BC9CEB8-8B4A-11D0-8D11-00A0C91BC942}") = "29. Water", "29. 물\29. 물.vcxproj", "{FE53D3A6-4D1F-4D6C-8577-4375AF4CF7EC}"
EndProject
Project("{8BC9CEB8-8B4A-11D0-8D11-00A0C91BC942}") = "30. 다중 점조명", "30. 다중 점조명\30. 다중 점조명.vcxproj", "{1842A57C-1039-43A4-919F-362DF056F6EA}"
EndProject
Project("{8BC9CEB8-8B4A-11D0-8D11-00A0C91BC942}") = "31. 3차원 음향", "31. 3차원 음향\31. 3차원 음향.vcxproj", "{B2962222-A603-4699-B0CC-44FBBE2DC57D}"
EndProject
Project("{8BC9CEB8-8B4A-11D0-8D11-00A0C91BC942}") = "29. Water2", "..\29. Water2\29. Water2.vcxproj", "{5E863325-F850-4C16-9079-699CC5C107CF}"
EndProject
Global
	GlobalSection(SolutionConfigurationPlatforms) = preSolution
		Debug|Win32 = Debug|Win32
		Release|Win32 = Release|Win32
	EndGlobalSection
	GlobalSection(ProjectConfigurationPlatforms) = postSolution
		{190FD011-48A1-499E-A508-B58B38104ED9}.Debug|Win32.ActiveCfg = Debug|Win32
		{190FD011-48A1-499E-A508-B58B38104ED9}.Debug|Win32.Build.0 = Debug|Win32
		{190FD011-48A1-499E-A508-B58B38104ED9}.Release|Win32.ActiveCfg = Release|Win32
		{190FD011-48A1-499E-A508-B58B38104ED9}.Release|Win32.Build.0 = Release|Win32
		{2A67C024-88DA-431E-8823-81F0C21A47FD}.Debug|Win32.ActiveCfg = Debug|Win32
		{2A67C024-88DA-431E-8823-81F0C21A47FD}.Debug|Win32.Build.0 = Debug|Win32
		{2A67C024-88DA-431E-8823-81F0C21A47FD}.Release|Win32.ActiveCfg = Release|Win32
		{2A67C024-88DA-431E-8823-81F0C21A47FD}.Release|Win32.Build.0 = Release|Win32
		{C47F99D9-68A3-422E-BD80-0E0C20D8E708}.Debug|Win32.ActiveCfg = Debug|Win32
		{C47F99D9-68A3-422E-BD80-0E0C20D8E708}.Debug|Win32.Build.0 = Debug|Win32
		{C47F99D9-68A3-422E-BD80-0E0C20D8E708}.Release|Win32.ActiveCfg = Release|Win32
		{C47F99D9-68A3-422E-BD80-0E0C20D8E708}.Release|Win32.Build.0 = Release|Win32
		{C316FA20-ED4C-419B-9CC2-9F991697A18A}.Debug|Win32.ActiveCfg = Debug|Win32
		{C316FA20-ED4C-419B-9CC2-9F991697A18A}.Debug|Win32.Build.0 = Debug|Win32
		{C316FA20-ED4C-419B-9CC2-9F991697A18A}.Release|Win32.ActiveCfg = Release|Win32
		{C316FA20-ED4C-419B-9CC2-9F991697A18A}.Release|Win32.Build.0 = Release|Win32
		{EDE07DE6-D063-4D88-A3EB-D13FEFAA76DC}.Debug|Win32.ActiveCfg = Debug|Win32
		{EDE07DE6-D063-4D88-A3EB-D13FEFAA76DC}.Debug|Win32.Build.0 = Debug|Win32
		{EDE07DE6-D063-4D88-A3EB-D13FEFAA76DC}.Release|Win32.ActiveCfg = Release|Win32
		{EDE07DE6-D063-4D88-A3EB-D13FEFAA76DC}.Release|Win32.Build.0 = Release|Win32
		{8B420808-5571-4279-9687-B7F3A37EEEAD}.Debug|Win32.ActiveCfg = Debug|Win32
		{8B420808-5571-4279-9687-B7F3A37EEEAD}.Debug|Win32.Build.0 = Debug|Win32
		{8B420808-5571-4279-9687-B7F3A37EEEAD}.Release|Win32.ActiveCfg = Release|Win32
		{8B420808-5571-4279-9687-B7F3A37EEEAD}.Release|Win32.Build.0 = Release|Win32
		{B9B41169-6F71-4D30-9016-811FDFC20156}.Debug|Win32.ActiveCfg = Debug|Win32
		{B9B41169-6F71-4D30-9016-811FDFC20156}.Debug|Win32.Build.0 = Debug|Win32
		{B9B41169-6F71-4D30-9016-811FDFC20156}.Release|Win32.ActiveCfg = Release|Win32
		{B9B41169-6F71-4D30-9016-811FDFC20156}.Release|Win32.Build.0 = Release|Win32
		{3A6D454E-5815-47C1-AB55-964F639DAC9C}.Debug|Win32.ActiveCfg = Debug|Win32
		{3A6D454E-5815-47C1-AB55-964F639DAC9C}.Debug|Win32.Build.0 = Debug|Win32
		{3A6D454E-5815-47C1-AB55-964F639DAC9C}.Release|Win32.ActiveCfg = Release|Win32
		{3A6D454E-5815-47C1-AB55-964F639DAC9C}.Release|Win32.Build.0 = Release|Win32
		{937C3D5D-1BBE-4BA6-8699-45F438CBCBAA}.Debug|Win32.ActiveCfg = Debug|Win32
		{937C3D5D-1BBE-4BA6-8699-45F438CBCBAA}.Debug|Win32.Build.0 = Debug|Win32
		{937C3D5D-1BBE-4BA6-8699-45F438CBCBAA}.Release|Win32.ActiveCfg = Release|Win32
		{937C3D5D-1BBE-4BA6-8699-45F438CBCBAA}.Release|Win32.Build.0 = Release|Win32
		{F7C54E08-D4F8-4615-9EF8-842D3F3F3928}.Debug|Win32.ActiveCfg = Debug|Win32
		{F7C54E08-D4F8-4615-9EF8-842D3F3F3928}.Debug|Win32.Build.0 = Debug|Win32
		{F7C54E08-D4F8-4615-9EF8-842D3F3F3928}.Release|Win32.ActiveCfg = Release|Win32
		{F7C54E08-D4F8-4615-9EF8-842D3F3F3928}.Release|Win32.Build.0 = Release|Win32
		{4D77C1A7-F7AB-4EAE-B988-13746B88F33F}.Debug|Win32.ActiveCfg = Debug|Win32
		{4D77C1A7-F7AB-4EAE-B988-13746B88F33F}.Debug|Win32.Build.0 = Debug|Win32
		{4D77C1A7-F7AB-4EAE-B988-13746B88F33F}.Release|Win32.ActiveCfg = Release|Win32
		{4D77C1A7-F7AB-4EAE-B988-13746B88F33F}.Release|Win32.Build.0 = Release|Win32
		{CCDB0224-0772-4DFD-AB86-5BA031EE9A1B}.Debug|Win32.ActiveCfg = Debug|Win32
		{CCDB0224-0772-4DFD-AB86-5BA031EE9A1B}.Debug|Win32.Build.0 = Debug|Win32
		{CCDB0224-0772-4DFD-AB86-5BA031EE9A1B}.Release|Win32.ActiveCfg = Release|Win32
		{CCDB0224-0772-4DFD-AB86-5BA031EE9A1B}.Release|Win32.Build.0 = Release|Win32
		{CB6A266C-5B52-4933-AFFA-4CB8FE90A415}.Debug|Win32.ActiveCfg = Debug|Win32
		{CB6A266C-5B52-4933-AFFA-4CB8FE90A415}.Debug|Win32.Build.0 = Debug|Win32
		{CB6A266C-5B52-4933-AFFA-4CB8FE90A415}.Release|Win32.ActiveCfg = Release|Win32
		{CB6A266C-5B52-4933-AFFA-4CB8FE90A415}.Release|Win32.Build.0 = Release|Win32
		{E1D483A3-46D0-42B3-B8D0-52ACD2DBFE68}.Debug|Win32.ActiveCfg = Debug|Win32
		{E1D483A3-46D0-42B3-B8D0-52ACD2DBFE68}.Debug|Win32.Build.0 = Debug|Win32
		{E1D483A3-46D0-42B3-B8D0-52ACD2DBFE68}.Release|Win32.ActiveCfg = Release|Win32
		{E1D483A3-46D0-42B3-B8D0-52ACD2DBFE68}.Release|Win32.Build.0 = Release|Win32
		{507A3782-2366-4A0E-B911-7522CEEE8848}.Debug|Win32.ActiveCfg = Debug|Win32
		{507A3782-2366-4A0E-B911-7522CEEE8848}.Debug|Win32.Build.0 = Debug|Win32
		{507A3782-2366-4A0E-B911-7522CEEE8848}.Release|Win32.ActiveCfg = Release|Win32
		{507A3782-2366-4A0E-B911-7522CEEE8848}.Release|Win32.Build.0 = Release|Win32
		{916C00BE-9B58-452D-9999-4F13F058C061}.Debug|Win32.ActiveCfg = Debug|Win32
		{916C00BE-9B58-452D-9999-4F13F058C061}.Debug|Win32.Build.0 = Debug|Win32
		{916C00BE-9B58-452D-9999-4F13F058C061}.Release|Win32.ActiveCfg = Release|Win32
		{916C00BE-9B58-452D-9999-4F13F058C061}.Release|Win32.Build.0 = Release|Win32
		{2183EF10-1D2B-4BBE-9260-4D86BD570C43}.Debug|Win32.ActiveCfg = Debug|Win32
		{2183EF10-1D2B-4BBE-9260-4D86BD570C43}.Debug|Win32.Build.0 = Debug|Win32
		{2183EF10-1D2B-4BBE-9260-4D86BD570C43}.Release|Win32.ActiveCfg = Release|Win32
		{2183EF10-1D2B-4BBE-9260-4D86BD570C43}.Release|Win32.Build.0 = Release|Win32
		{17E9013F-298F-4480-AE49-7F88CD81BF74}.Debug|Win32.ActiveCfg = Debug|Win32
		{17E9013F-298F-4480-AE49-7F88CD81BF74}.Debug|Win32.Build.0 = Debug|Win32
		{17E9013F-298F-4480-AE49-7F88CD81BF74}.Release|Win32.ActiveCfg = Release|Win32
		{17E9013F-298F-4480-AE49-7F88CD81BF74}.Release|Win32.Build.0 = Release|Win32
		{5DCA0F97-BD8C-4EF9-9FE0-379DF649B782}.Debug|Win32.ActiveCfg = Debug|Win32
		{5DCA0F97-BD8C-4EF9-9FE0-379DF649B782}.Debug|Win32.Build.0 = Debug|Win32
		{5DCA0F97-BD8C-4EF9-9FE0-379DF649B782}.Release|Win32.ActiveCfg = Release|Win32
		{5DCA0F97-BD8C-4EF9-9FE0-379DF649B782}.Release|Win32.Build.0 = Release|Win32
		{C79E8D21-A20A-4C65-A6D9-7C5E29FA67DE}.Debug|Win32.ActiveCfg = Debug|Win32
		{C79E8D21-A20A-4C65-A6D9-7C5E29FA67DE}.Debug|Win32.Build.0 = Debug|Win32
		{C79E8D21-A20A-4C65-A6D9-7C5E29FA67DE}.Release|Win32.ActiveCfg = Release|Win32
		{C79E8D21-A20A-4C65-A6D9-7C5E29FA67DE}.Release|Win32.Build.0 = Release|Win32
		{50692CED-B9D0-4499-822B-4303B1E607EC}.Debug|Win32.ActiveCfg = Debug|Win32
		{50692CED-B9D0-4499-822B-4303B1E607EC}.Debug|Win32.Build.0 = Debug|Win32
		{50692CED-B9D0-4499-822B-4303B1E607EC}.Release|Win32.ActiveCfg = Release|Win32
		{50692CED-B9D0-4499-822B-4303B1E607EC}.Release|Win32.Build.0 = Release|Win32
		{1E65A088-80D6-41C4-AC42-92DB26273F49}.Debug|Win32.ActiveCfg = Debug|Win32
		{1E65A088-80D6-41C4-AC42-92DB26273F49}.Debug|Win32.Build.0 = Debug|Win32
		{1E65A088-80D6-41C4-AC42-92DB26273F49}.Release|Win32.ActiveCfg = Release|Win32
		{1E65A088-80D6-41C4-AC42-92DB26273F49}.Release|Win32.Build.0 = Release|Win32
		{856B37F6-9E80-4702-92EC-AE376EDA25FC}.Debug|Win32.ActiveCfg = Debug|Win32
		{856B37F6-9E80-4702-92EC-AE376EDA25FC}.Debug|Win32.Build.0 = Debug|Win32
		{856B37F6-9E80-4702-92EC-AE376EDA25FC}.Release|Win32.ActiveCfg = Release|Win32
		{856B37F6-9E80-4702-92EC-AE376EDA25FC}.Release|Win32.Build.0 = Release|Win32
		{A3C00F46-70E3-49E3-AC05-71EE0238231A}.Debug|Win32.ActiveCfg = Debug|Win32
		{A3C00F46-70E3-49E3-AC05-71EE0238231A}.Debug|Win32.Build.0 = Debug|Win32
		{A3C00F46-70E3-49E3-AC05-71EE0238231A}.Release|Win32.ActiveCfg = Release|Win32
		{A3C00F46-70E3-49E3-AC05-71EE0238231A}.Release|Win32.Build.0 = Release|Win32
		{12BDCD8F-2144-462E-A1D4-D99A725C62D1}.Debug|Win32.ActiveCfg = Debug|Win32
		{12BDCD8F-2144-462E-A1D4-D99A725C62D1}.Debug|Win32.Build.0 = Debug|Win32
		{12BDCD8F-2144-462E-A1D4-D99A725C62D1}.Release|Win32.ActiveCfg = Release|Win32
		{12BDCD8F-2144-462E-A1D4-D99A725C62D1}.Release|Win32.Build.0 = Release|Win32
		{85BB25C8-2DAB-4FD2-A37D-40045BA6AA46}.Debug|Win32.ActiveCfg = Debug|Win32
		{85BB25C8-2DAB-4FD2-A37D-40045BA6AA46}.Debug|Win32.Build.0 = Debug|Win32
		{85BB25C8-2DAB-4FD2-A37D-40045BA6AA46}.Release|Win32.ActiveCfg = Release|Win32
		{85BB25C8-2DAB-4FD2-A37D-40045BA6AA46}.Release|Win32.Build.0 = Release|Win32
		{B31FE847-98CA-4D29-97BA-A6F06367FF5C}.Debug|Win32.ActiveCfg = Debug|Win32
		{B31FE847-98CA-4D29-97BA-A6F06367FF5C}.Debug|Win32.Build.0 = Debug|Win32
		{B31FE847-98CA-4D29-97BA-A6F06367FF5C}.Release|Win32.ActiveCfg = Release|Win32
		{B31FE847-98CA-4D29-97BA-A6F06367FF5C}.Release|Win32.Build.0 = Release|Win32
		{FE53D3A6-4D1F-4D6C-8577-4375AF4CF7EC}.Debug|Win32.ActiveCfg = Debug|Win32
		{FE53D3A6-4D1F-4D6C-8577-4375AF4CF7EC}.Debug|Win32.Build.0 = Debug|Win32
		{FE53D3A6-4D1F-4D6C-8577-4375AF4CF7EC}.Release|Win32.ActiveCfg = Release|Win32
		{FE53D3A6-4D1F-4D6C-8577-4375AF4CF7EC}.Release|Win32.Build.0 = Release|Win32
		{1842A57C-1039-43A4-919F-362DF056F6EA}.Debug|Win32.ActiveCfg = Debug|Win32
		{1842A57C-1039-43A4-919F-362DF056F6EA}.Debug|Win32.Build.0 = Debug|Win32
		{1842A57C-1039-43A4-919F-362DF056F6EA}.Release|Win32.ActiveCfg = Release|Win32
		{1842A57C-1039-43A4-919F-362DF056F6EA}.Release|Win32.Build.0 = Release|Win32
		{B2962222-A603-4699-B0CC-44FBBE2DC57D}.Debug|Win32.ActiveCfg = Debug|Win32
		{B2962222-A603-4699-B0CC-44FBBE2DC57D}.Debug|Win32.Build.0 = Debug|Win32
		{B2962222-A603-4699-B0CC-44FBBE2DC57D}.Release|Win32.ActiveCfg = Release|Win32
		{B2962222-A603-4699-B0CC-44FBBE2DC57D}.Release|Win32.Build.0 = Release|Win32
		{5E863325-F850-4C16-9079-699CC5C107CF}.Debug|Win32.ActiveCfg = Debug|Win32
		{5E863325-F850-4C16-9079-699CC5C107CF}.Debug|Win32.Build.0 = Debug|Win32
		{5E863325-F850-4C16-9079-699CC5C107CF}.Release|Win32.ActiveCfg = Release|Win32
		{5E863325-F850-4C16-9079-699CC5C107CF}.Release|Win32.Build.0 = Release|Win32
	EndGlobalSection
	GlobalSection(SolutionProperties) = preSolution
		HideSolutionNode = FALSE
	EndGlobalSection
EndGlobal
